<?xml version="1.0" encoding="utf-8"?>
<Project ToolsVersion="4.0" xmlns="http://schemas.microsoft.com/developer/msbuild/2003">
  <ItemGroup>
    <Filter Include="Source Files">
      <UniqueIdentifier>{4FC737F1-C7A5-4376-A066-2A32D752A2FF}</UniqueIdentifier>
      <Extensions>cpp;c;cc;cxx;def;odl;idl;hpj;bat;asm;asmx</Extensions>
    </Filter>
    <Filter Include="Header Files">
      <UniqueIdentifier>{93995380-89BD-4b04-88EB-625FBE52EBFB}</UniqueIdentifier>
      <Extensions>h;hh;hpp;hxx;hm;inl;inc;xsd</Extensions>
    </Filter>
    <Filter Include="Resource Files">
      <UniqueIdentifier>{D9D6E242-F8AF-46E4-B9FD-80ECBC20BA3E}</UniqueIdentifier>
      <Extensions>qrc;*</Extensions>
      <ParseFiles>false</ParseFiles>
    </Filter>
    <Filter Include="Form Files">
      <UniqueIdentifier>{99349809-55BA-4b9d-BF79-8FDBB0286EB3}</UniqueIdentifier>
      <Extensions>ui</Extensions>
    </Filter>
    <Filter Include="Resource Files">
      <UniqueIdentifier>{D9D6E242-F8AF-46E4-B9FD-80ECBC20BA3E}</UniqueIdentifier>
      <Extensions>qrc;*</Extensions>
      <ParseFiles>false</ParseFiles>
    </Filter>
  </ItemGroup>
  <ItemGroup>
    <ClCompile Include="src\EasyRemoteDesktop.cpp">
      <Filter>Source Files</Filter>
    </ClCompile>
    <ClCompile Include="src\main.cpp">
      <Filter>Source Files</Filter>
    </ClCompile>
    <ClCompile Include="src\ServerMainWindow.cpp">
      <Filter>Source Files</Filter>
    </ClCompile>
    <ClCompile Include="src\ShowPreviewWindow.cpp">
      <Filter>Source Files</Filter>
    </ClCompile>
    <ClCompile Include="src\Utils.cpp">
      <Filter>Source Files</Filter>
    </ClCompile>
    <ClCompile Include="src\CaptureScreenThread.cpp">
      <Filter>Source Files</Filter>
    </ClCompile>
    <ClCompile Include="src\MetricsClient.cpp">
      <Filter>Source Files</Filter>
    </ClCompile>
    <ClCompile Include="src\H264Encoder.cpp">
      <Filter>Source Files</Filter>
    </ClCompile>
  </ItemGroup>
  <ItemGroup>
    <QtMoc Include="src\EasyRemoteDesktop.h">
      <Filter>Header Files</Filter>
    </QtMoc>
    <QtMoc Include="src\ServerMainWindow.h">
      <Filter>Header Files</Filter>
    </QtMoc>
    <QtMoc Include="src\CaptureScreenThread.h">
      <Filter>Header Files</Filter>
    </QtMoc>
    <QtMoc Include="src\ShowPreviewWindow.h">
      <Filter>Header Files</Filter>
    </QtMoc>
  </ItemGroup>
  <ItemGroup>
    <QtUic Include="src\EasyRemoteDesktop.ui">
      <Filter>Form Files</Filter>
    </QtUic>
  </ItemGroup>
  <ItemGroup>
    <QtRcc Include="src\EasyRemoteDesktop.qrc">
      <Filter>Resource Files</Filter>
    </QtRcc>
  </ItemGroup>
  <ItemGroup>
    <ClInclude Include="src\Utils.h">
      <Filter>Header Files</Filter>
    </ClInclude>
    <ClInclude Include="src\EasySingleton.h">
      <Filter>Header Files</Filter>
    </ClInclude>
    <ClInclude Include="src\MetricsClient.h">
      <Filter>Header Files</Filter>
    </ClInclude>
    <ClInclude Include="src\H264Encoder.h">
      <Filter>Header Files</Filter>
    </ClInclude>
    <ClInclude Include="include\libyuv\libyuv.h">
      <Filter>Header Files</Filter>
    </ClInclude>
    <ClInclude Include="include\EasyScreenCapturer\CaptureStatusCode.h">
      <Filter>Header Files</Filter>
    </ClInclude>
    <ClInclude Include="include\EasyScreenCapturer\EasyScreenCapturer.h">
      <Filter>Header Files</Filter>
    </ClInclude>
    <ClInclude Include="include\gflags\gflags.h">
      <Filter>Header Files</Filter>
    </ClInclude>
    <ClInclude Include="include\gflags\gflags_completions.h">
      <Filter>Header Files</Filter>
    </ClInclude>
    <ClInclude Include="include\gflags\gflags_declare.h">
      <Filter>Header Files</Filter>
    </ClInclude>
    <ClInclude Include="include\glog\log_severity.h">
      <Filter>Header Files</Filter>
    </ClInclude>
    <ClInclude Include="include\glog\logging.h">
      <Filter>Header Files</Filter>
    </ClInclude>
    <ClInclude Include="include\glog\raw_logging.h">
      <Filter>Header Files</Filter>
    </ClInclude>
    <ClInclude Include="include\glog\stl_logging.h">
      <Filter>Header Files</Filter>
    </ClInclude>
    <ClInclude Include="include\glog\vlog_is_on.h">
      <Filter>Header Files</Filter>
    </ClInclude>
    <ClInclude Include="include\libyuv\libyuv\basic_types.h">
      <Filter>Header Files</Filter>
    </ClInclude>
    <ClInclude Include="include\libyuv\libyuv\compare.h">
      <Filter>Header Files</Filter>
    </ClInclude>
    <ClInclude Include="include\libyuv\libyuv\convert.h">
      <Filter>Header Files</Filter>
    </ClInclude>
    <ClInclude Include="include\libyuv\libyuv\convert_argb.h">
      <Filter>Header Files</Filter>
    </ClInclude>
    <ClInclude Include="include\libyuv\libyuv\convert_from.h">
      <Filter>Header Files</Filter>
    </ClInclude>
    <ClInclude Include="include\libyuv\libyuv\convert_from_argb.h">
      <Filter>Header Files</Filter>
    </ClInclude>
    <ClInclude Include="include\libyuv\libyuv\cpu_id.h">
      <Filter>Header Files</Filter>
    </ClInclude>
    <ClInclude Include="include\libyuv\libyuv\mjpeg_decoder.h">
      <Filter>Header Files</Filter>
    </ClInclude>
    <ClInclude Include="include\libyuv\libyuv\planar_functions.h">
      <Filter>Header Files</Filter>
    </ClInclude>
    <ClInclude Include="include\libyuv\libyuv\rotate.h">
      <Filter>Header Files</Filter>
    </ClInclude>
    <ClInclude Include="include\libyuv\libyuv\rotate_argb.h">
      <Filter>Header Files</Filter>
    </ClInclude>
    <ClInclude Include="include\libyuv\libyuv\row.h">
      <Filter>Header Files</Filter>
    </ClInclude>
    <ClInclude Include="include\libyuv\libyuv\scale.h">
      <Filter>Header Files</Filter>
    </ClInclude>
    <ClInclude Include="include\libyuv\libyuv\scale_argb.h">
      <Filter>Header Files</Filter>
    </ClInclude>
    <ClInclude Include="include\libyuv\libyuv\scale_row.h">
      <Filter>Header Files</Filter>
    </ClInclude>
    <ClInclude Include="include\libyuv\libyuv\version.h">
      <Filter>Header Files</Filter>
    </ClInclude>
    <ClInclude Include="include\libyuv\libyuv\video_common.h">
      <Filter>Header Files</Filter>
    </ClInclude>
    <ClInclude Include="include\x264\x264.h">
      <Filter>Header Files</Filter>
    </ClInclude>
    <ClInclude Include="include\x264\x264_config.h">
      <Filter>Header Files</Filter>
    </ClInclude>
  </ItemGroup>
  <ItemGroup>
    <Image Include="Resources\desktop.ico" />
  </ItemGroup>
</Project>